
Microsoft Visual Studio Solution File, Format Version 12.00
# Visual Studio 15
VisualStudioVersion = 15.0.26730.15
MinimumVisualStudioVersion = 10.0.40219.1
Project("{FAE04EC0-301F-11D3-BF4B-00C04F79EFBC}") = "Cibertec.Models", "Cibertec.Models\Cibertec.Models.csproj", "{00B7C042-D694-4731-B338-17BD921532C3}"
EndProject
Global
	GlobalSection(SolutionConfigurationPlatforms) = preSolution
		Debug|Any CPU = Debug|Any CPU
		Release|Any CPU = Release|Any CPU
	EndGlobalSection
	GlobalSection(ProjectConfigurationPlatforms) = postSolution
		{00B7C042-D694-4731-B338-17BD921532C3}.Debug|Any CPU.ActiveCfg = Debug|Any CPU
		{00B7C042-D694-4731-B338-17BD921532C3}.Debug|Any CPU.Build.0 = Debug|Any CPU
		{00B7C042-D694-4731-B338-17BD921532C3}.Release|Any CPU.ActiveCfg = Release|Any CPU
		{00B7C042-D694-4731-B338-17BD921532C3}.Release|Any CPU.Build.0 = Release|Any CPU
	EndGlobalSection
	GlobalSection(SolutionProperties) = preSolution
		HideSolutionNode = FALSE
	EndGlobalSection
	GlobalSection(ExtensibilityGlobals) = postSolution
		SolutionGuid = {FA846BAC-8AC7-454E-B999-B090DFE2217E}
	EndGlobalSection
EndGlobal
