
Microsoft Visual Studio Solution File, Format Version 12.00
# Visual Studio 15
VisualStudioVersion = 15.0.26730.16
MinimumVisualStudioVersion = 10.0.40219.1
Project("{9A19103F-16F7-4668-BE54-9A1E7A4F7556}") = "Cibertec.Models", "Cibertec.Models\Cibertec.Models.csproj", "{00B7C042-D694-4731-B338-17BD921532C3}"
EndProject
Project("{9A19103F-16F7-4668-BE54-9A1E7A4F7556}") = "Cibertec.Repositories", "Cibertec.Repositories\Cibertec.Repositories.csproj", "{82BE8F37-FD1E-4FDD-A237-F3D8B39B7398}"
EndProject
Project("{9A19103F-16F7-4668-BE54-9A1E7A4F7556}") = "Cibertec.Repositories.EntityFrameworkTests", "Cibertec.RepositoriesTests\Cibertec.Repositories.EntityFrameworkTests.csproj", "{08B94644-F3D5-4D2D-ACF7-390E3669713B}"
EndProject
Project("{2150E333-8FDC-42A3-9474-1A3956D46DE8}") = "Data", "Data", "{16E9C4D0-F112-498E-A269-AFCC01BACAE9}"
EndProject
Project("{2150E333-8FDC-42A3-9474-1A3956D46DE8}") = "Test", "Test", "{686B29E0-5D52-42BA-B7F3-EF8CC76D87F7}"
EndProject
Project("{9A19103F-16F7-4668-BE54-9A1E7A4F7556}") = "Cibertec.Repositories.EntityFramework", "Cibertec.Repositories.EntityFramework\Cibertec.Repositories.EntityFramework.csproj", "{B5DEC58A-3064-40FA-AB5D-9E0D56F61433}"
EndProject
Project("{9A19103F-16F7-4668-BE54-9A1E7A4F7556}") = "Cibertec.Repositories.Dapper", "Cibertec.Repositories.Dapper\Cibertec.Repositories.Dapper.csproj", "{DE407B46-8E24-44F6-97DF-5A8A647BA9FB}"
EndProject
Project("{9A19103F-16F7-4668-BE54-9A1E7A4F7556}") = "Cibertec.Repositories.DapperTests", "Cibertec.Repositories.DapperTests\Cibertec.Repositories.DapperTests.csproj", "{C9FD5345-AACF-418A-B290-73F1C9D98F96}"
EndProject
Project("{9A19103F-16F7-4668-BE54-9A1E7A4F7556}") = "Cibertec.UnitOfWork", "Cibertec.UnitOfWork\Cibertec.UnitOfWork.csproj", "{9B82FF23-88E5-4549-B02D-3A722B310D3D}"
EndProject
Project("{2150E333-8FDC-42A3-9474-1A3956D46DE8}") = "Web", "Web", "{DAAF4245-D7A2-4402-92A5-AD196188AF1A}"
EndProject
Project("{9A19103F-16F7-4668-BE54-9A1E7A4F7556}") = "Cibertec.MVC", "Cibertec.MVC\Cibertec.MVC.csproj", "{E4A9B416-34F0-4F7A-A799-948E1964D44F}"
EndProject
Project("{FAE04EC0-301F-11D3-BF4B-00C04F79EFBC}") = "CIbertec.WebApi", "CIbertec.WebApi\CIbertec.WebApi.csproj", "{7B711542-2564-45A0-A925-668852D72D03}"
EndProject
Global
	GlobalSection(SolutionConfigurationPlatforms) = preSolution
		Debug|Any CPU = Debug|Any CPU
		Release|Any CPU = Release|Any CPU
	EndGlobalSection
	GlobalSection(ProjectConfigurationPlatforms) = postSolution
		{00B7C042-D694-4731-B338-17BD921532C3}.Debug|Any CPU.ActiveCfg = Debug|Any CPU
		{00B7C042-D694-4731-B338-17BD921532C3}.Debug|Any CPU.Build.0 = Debug|Any CPU
		{00B7C042-D694-4731-B338-17BD921532C3}.Release|Any CPU.ActiveCfg = Release|Any CPU
		{00B7C042-D694-4731-B338-17BD921532C3}.Release|Any CPU.Build.0 = Release|Any CPU
		{82BE8F37-FD1E-4FDD-A237-F3D8B39B7398}.Debug|Any CPU.ActiveCfg = Debug|Any CPU
		{82BE8F37-FD1E-4FDD-A237-F3D8B39B7398}.Debug|Any CPU.Build.0 = Debug|Any CPU
		{82BE8F37-FD1E-4FDD-A237-F3D8B39B7398}.Release|Any CPU.ActiveCfg = Release|Any CPU
		{82BE8F37-FD1E-4FDD-A237-F3D8B39B7398}.Release|Any CPU.Build.0 = Release|Any CPU
		{08B94644-F3D5-4D2D-ACF7-390E3669713B}.Debug|Any CPU.ActiveCfg = Debug|Any CPU
		{08B94644-F3D5-4D2D-ACF7-390E3669713B}.Debug|Any CPU.Build.0 = Debug|Any CPU
		{08B94644-F3D5-4D2D-ACF7-390E3669713B}.Release|Any CPU.ActiveCfg = Release|Any CPU
		{08B94644-F3D5-4D2D-ACF7-390E3669713B}.Release|Any CPU.Build.0 = Release|Any CPU
		{B5DEC58A-3064-40FA-AB5D-9E0D56F61433}.Debug|Any CPU.ActiveCfg = Debug|Any CPU
		{B5DEC58A-3064-40FA-AB5D-9E0D56F61433}.Debug|Any CPU.Build.0 = Debug|Any CPU
		{B5DEC58A-3064-40FA-AB5D-9E0D56F61433}.Release|Any CPU.ActiveCfg = Release|Any CPU
		{B5DEC58A-3064-40FA-AB5D-9E0D56F61433}.Release|Any CPU.Build.0 = Release|Any CPU
		{DE407B46-8E24-44F6-97DF-5A8A647BA9FB}.Debug|Any CPU.ActiveCfg = Debug|Any CPU
		{DE407B46-8E24-44F6-97DF-5A8A647BA9FB}.Debug|Any CPU.Build.0 = Debug|Any CPU
		{DE407B46-8E24-44F6-97DF-5A8A647BA9FB}.Release|Any CPU.ActiveCfg = Release|Any CPU
		{DE407B46-8E24-44F6-97DF-5A8A647BA9FB}.Release|Any CPU.Build.0 = Release|Any CPU
		{C9FD5345-AACF-418A-B290-73F1C9D98F96}.Debug|Any CPU.ActiveCfg = Debug|Any CPU
		{C9FD5345-AACF-418A-B290-73F1C9D98F96}.Debug|Any CPU.Build.0 = Debug|Any CPU
		{C9FD5345-AACF-418A-B290-73F1C9D98F96}.Release|Any CPU.ActiveCfg = Release|Any CPU
		{C9FD5345-AACF-418A-B290-73F1C9D98F96}.Release|Any CPU.Build.0 = Release|Any CPU
		{9B82FF23-88E5-4549-B02D-3A722B310D3D}.Debug|Any CPU.ActiveCfg = Debug|Any CPU
		{9B82FF23-88E5-4549-B02D-3A722B310D3D}.Debug|Any CPU.Build.0 = Debug|Any CPU
		{9B82FF23-88E5-4549-B02D-3A722B310D3D}.Release|Any CPU.ActiveCfg = Release|Any CPU
		{9B82FF23-88E5-4549-B02D-3A722B310D3D}.Release|Any CPU.Build.0 = Release|Any CPU
		{E4A9B416-34F0-4F7A-A799-948E1964D44F}.Debug|Any CPU.ActiveCfg = Debug|Any CPU
		{E4A9B416-34F0-4F7A-A799-948E1964D44F}.Debug|Any CPU.Build.0 = Debug|Any CPU
		{E4A9B416-34F0-4F7A-A799-948E1964D44F}.Release|Any CPU.ActiveCfg = Release|Any CPU
		{E4A9B416-34F0-4F7A-A799-948E1964D44F}.Release|Any CPU.Build.0 = Release|Any CPU
		{7B711542-2564-45A0-A925-668852D72D03}.Debug|Any CPU.ActiveCfg = Debug|Any CPU
		{7B711542-2564-45A0-A925-668852D72D03}.Debug|Any CPU.Build.0 = Debug|Any CPU
		{7B711542-2564-45A0-A925-668852D72D03}.Release|Any CPU.ActiveCfg = Release|Any CPU
		{7B711542-2564-45A0-A925-668852D72D03}.Release|Any CPU.Build.0 = Release|Any CPU
	EndGlobalSection
	GlobalSection(SolutionProperties) = preSolution
		HideSolutionNode = FALSE
	EndGlobalSection
	GlobalSection(NestedProjects) = preSolution
		{00B7C042-D694-4731-B338-17BD921532C3} = {16E9C4D0-F112-498E-A269-AFCC01BACAE9}
		{82BE8F37-FD1E-4FDD-A237-F3D8B39B7398} = {16E9C4D0-F112-498E-A269-AFCC01BACAE9}
		{08B94644-F3D5-4D2D-ACF7-390E3669713B} = {686B29E0-5D52-42BA-B7F3-EF8CC76D87F7}
		{B5DEC58A-3064-40FA-AB5D-9E0D56F61433} = {16E9C4D0-F112-498E-A269-AFCC01BACAE9}
		{DE407B46-8E24-44F6-97DF-5A8A647BA9FB} = {16E9C4D0-F112-498E-A269-AFCC01BACAE9}
		{C9FD5345-AACF-418A-B290-73F1C9D98F96} = {686B29E0-5D52-42BA-B7F3-EF8CC76D87F7}
		{9B82FF23-88E5-4549-B02D-3A722B310D3D} = {16E9C4D0-F112-498E-A269-AFCC01BACAE9}
		{E4A9B416-34F0-4F7A-A799-948E1964D44F} = {DAAF4245-D7A2-4402-92A5-AD196188AF1A}
		{7B711542-2564-45A0-A925-668852D72D03} = {DAAF4245-D7A2-4402-92A5-AD196188AF1A}
	EndGlobalSection
	GlobalSection(ExtensibilityGlobals) = postSolution
		SolutionGuid = {FA846BAC-8AC7-454E-B999-B090DFE2217E}
	EndGlobalSection
EndGlobal
